
Microsoft Visual Studio Solution File, Format Version 12.00
# Visual Studio Version 17
VisualStudioVersion = 17.5.33516.290
MinimumVisualStudioVersion = 10.0.40219.1
Project("{FAE04EC0-301F-11D3-BF4B-00C04F79EFBC}") = "PetstoreAPI.Android", "PetstoreAPI\PetstoreAPI.Android\PetstoreAPI.Android.csproj", "{810CAC3D-F471-4539-80FE-5A5C72C94DE2}"
EndProject
Project("{FAE04EC0-301F-11D3-BF4B-00C04F79EFBC}") = "PetstoreAPI.iOS", "PetstoreAPI\PetstoreAPI.iOS\PetstoreAPI.iOS.csproj", "{40328E06-0C78-4500-A1BE-891D21CFFD4F}"
EndProject
Project("{9A19103F-16F7-4668-BE54-9A1E7A4F7556}") = "PetstoreAPI", "PetstoreAPI\PetstoreAPI\PetstoreAPI.csproj", "{61DF08FD-2BFD-484E-A38C-D024DA54A4E7}"
EndProject
Project("{FAE04EC0-301F-11D3-BF4B-00C04F79EFBC}") = "PetstoreAPI.Test", "PetstoreAPI.Test\PetstoreAPI.Test.csproj", "{005F0F87-9D13-4EE7-99FF-2C42C5AAF675}"
EndProject
Global
	GlobalSection(SolutionConfigurationPlatforms) = preSolution
		Debug|Any CPU = Debug|Any CPU
		Debug|iPhone = Debug|iPhone
		Debug|iPhoneSimulator = Debug|iPhoneSimulator
		Release|Any CPU = Release|Any CPU
		Release|iPhone = Release|iPhone
		Release|iPhoneSimulator = Release|iPhoneSimulator
	EndGlobalSection
	GlobalSection(ProjectConfigurationPlatforms) = postSolution
		{810CAC3D-F471-4539-80FE-5A5C72C94DE2}.Debug|Any CPU.ActiveCfg = Debug|Any CPU
		{810CAC3D-F471-4539-80FE-5A5C72C94DE2}.Debug|Any CPU.Build.0 = Debug|Any CPU
		{810CAC3D-F471-4539-80FE-5A5C72C94DE2}.Debug|Any CPU.Deploy.0 = Debug|Any CPU
		{810CAC3D-F471-4539-80FE-5A5C72C94DE2}.Debug|iPhone.ActiveCfg = Debug|Any CPU
		{810CAC3D-F471-4539-80FE-5A5C72C94DE2}.Debug|iPhone.Build.0 = Debug|Any CPU
		{810CAC3D-F471-4539-80FE-5A5C72C94DE2}.Debug|iPhone.Deploy.0 = Debug|Any CPU
		{810CAC3D-F471-4539-80FE-5A5C72C94DE2}.Debug|iPhoneSimulator.ActiveCfg = Debug|Any CPU
		{810CAC3D-F471-4539-80FE-5A5C72C94DE2}.Debug|iPhoneSimulator.Build.0 = Debug|Any CPU
		{810CAC3D-F471-4539-80FE-5A5C72C94DE2}.Debug|iPhoneSimulator.Deploy.0 = Debug|Any CPU
		{810CAC3D-F471-4539-80FE-5A5C72C94DE2}.Release|Any CPU.ActiveCfg = Release|Any CPU
		{810CAC3D-F471-4539-80FE-5A5C72C94DE2}.Release|Any CPU.Build.0 = Release|Any CPU
		{810CAC3D-F471-4539-80FE-5A5C72C94DE2}.Release|Any CPU.Deploy.0 = Release|Any CPU
		{810CAC3D-F471-4539-80FE-5A5C72C94DE2}.Release|iPhone.ActiveCfg = Release|Any CPU
		{810CAC3D-F471-4539-80FE-5A5C72C94DE2}.Release|iPhone.Build.0 = Release|Any CPU
		{810CAC3D-F471-4539-80FE-5A5C72C94DE2}.Release|iPhone.Deploy.0 = Release|Any CPU
		{810CAC3D-F471-4539-80FE-5A5C72C94DE2}.Release|iPhoneSimulator.ActiveCfg = Release|Any CPU
		{810CAC3D-F471-4539-80FE-5A5C72C94DE2}.Release|iPhoneSimulator.Build.0 = Release|Any CPU
		{810CAC3D-F471-4539-80FE-5A5C72C94DE2}.Release|iPhoneSimulator.Deploy.0 = Release|Any CPU
		{40328E06-0C78-4500-A1BE-891D21CFFD4F}.Debug|Any CPU.ActiveCfg = Debug|iPhone
		{40328E06-0C78-4500-A1BE-891D21CFFD4F}.Debug|Any CPU.Build.0 = Debug|iPhone
		{40328E06-0C78-4500-A1BE-891D21CFFD4F}.Debug|Any CPU.Deploy.0 = Debug|iPhone
		{40328E06-0C78-4500-A1BE-891D21CFFD4F}.Debug|iPhone.ActiveCfg = Debug|iPhone
		{40328E06-0C78-4500-A1BE-891D21CFFD4F}.Debug|iPhone.Build.0 = Debug|iPhone
		{40328E06-0C78-4500-A1BE-891D21CFFD4F}.Debug|iPhone.Deploy.0 = Debug|iPhone
		{40328E06-0C78-4500-A1BE-891D21CFFD4F}.Debug|iPhoneSimulator.ActiveCfg = Debug|iPhoneSimulator
		{40328E06-0C78-4500-A1BE-891D21CFFD4F}.Debug|iPhoneSimulator.Build.0 = Debug|iPhoneSimulator
		{40328E06-0C78-4500-A1BE-891D21CFFD4F}.Debug|iPhoneSimulator.Deploy.0 = Debug|iPhoneSimulator
		{40328E06-0C78-4500-A1BE-891D21CFFD4F}.Release|Any CPU.ActiveCfg = Release|iPhoneSimulator
		{40328E06-0C78-4500-A1BE-891D21CFFD4F}.Release|Any CPU.Build.0 = Release|iPhoneSimulator
		{40328E06-0C78-4500-A1BE-891D21CFFD4F}.Release|Any CPU.Deploy.0 = Release|iPhoneSimulator
		{40328E06-0C78-4500-A1BE-891D21CFFD4F}.Release|iPhone.ActiveCfg = Release|iPhone
		{40328E06-0C78-4500-A1BE-891D21CFFD4F}.Release|iPhone.Build.0 = Release|iPhone
		{40328E06-0C78-4500-A1BE-891D21CFFD4F}.Release|iPhone.Deploy.0 = Release|iPhone
		{40328E06-0C78-4500-A1BE-891D21CFFD4F}.Release|iPhoneSimulator.ActiveCfg = Release|iPhoneSimulator
		{40328E06-0C78-4500-A1BE-891D21CFFD4F}.Release|iPhoneSimulator.Build.0 = Release|iPhoneSimulator
		{40328E06-0C78-4500-A1BE-891D21CFFD4F}.Release|iPhoneSimulator.Deploy.0 = Release|iPhoneSimulator
		{61DF08FD-2BFD-484E-A38C-D024DA54A4E7}.Debug|Any CPU.ActiveCfg = Debug|Any CPU
		{61DF08FD-2BFD-484E-A38C-D024DA54A4E7}.Debug|Any CPU.Build.0 = Debug|Any CPU
		{61DF08FD-2BFD-484E-A38C-D024DA54A4E7}.Debug|Any CPU.Deploy.0 = Debug|Any CPU
		{61DF08FD-2BFD-484E-A38C-D024DA54A4E7}.Debug|iPhone.ActiveCfg = Debug|Any CPU
		{61DF08FD-2BFD-484E-A38C-D024DA54A4E7}.Debug|iPhone.Build.0 = Debug|Any CPU
		{61DF08FD-2BFD-484E-A38C-D024DA54A4E7}.Debug|iPhone.Deploy.0 = Debug|Any CPU
		{61DF08FD-2BFD-484E-A38C-D024DA54A4E7}.Debug|iPhoneSimulator.ActiveCfg = Debug|Any CPU
		{61DF08FD-2BFD-484E-A38C-D024DA54A4E7}.Debug|iPhoneSimulator.Build.0 = Debug|Any CPU
		{61DF08FD-2BFD-484E-A38C-D024DA54A4E7}.Debug|iPhoneSimulator.Deploy.0 = Debug|Any CPU
		{61DF08FD-2BFD-484E-A38C-D024DA54A4E7}.Release|Any CPU.ActiveCfg = Release|Any CPU
		{61DF08FD-2BFD-484E-A38C-D024DA54A4E7}.Release|Any CPU.Build.0 = Release|Any CPU
		{61DF08FD-2BFD-484E-A38C-D024DA54A4E7}.Release|Any CPU.Deploy.0 = Release|Any CPU
		{61DF08FD-2BFD-484E-A38C-D024DA54A4E7}.Release|iPhone.ActiveCfg = Release|Any CPU
		{61DF08FD-2BFD-484E-A38C-D024DA54A4E7}.Release|iPhone.Build.0 = Release|Any CPU
		{61DF08FD-2BFD-484E-A38C-D024DA54A4E7}.Release|iPhone.Deploy.0 = Release|Any CPU
		{61DF08FD-2BFD-484E-A38C-D024DA54A4E7}.Release|iPhoneSimulator.ActiveCfg = Release|Any CPU
		{61DF08FD-2BFD-484E-A38C-D024DA54A4E7}.Release|iPhoneSimulator.Build.0 = Release|Any CPU
		{61DF08FD-2BFD-484E-A38C-D024DA54A4E7}.Release|iPhoneSimulator.Deploy.0 = Release|Any CPU
		{005F0F87-9D13-4EE7-99FF-2C42C5AAF675}.Debug|Any CPU.ActiveCfg = Debug|Any CPU
		{005F0F87-9D13-4EE7-99FF-2C42C5AAF675}.Debug|Any CPU.Build.0 = Debug|Any CPU
		{005F0F87-9D13-4EE7-99FF-2C42C5AAF675}.Debug|iPhone.ActiveCfg = Debug|Any CPU
		{005F0F87-9D13-4EE7-99FF-2C42C5AAF675}.Debug|iPhone.Build.0 = Debug|Any CPU
		{005F0F87-9D13-4EE7-99FF-2C42C5AAF675}.Debug|iPhoneSimulator.ActiveCfg = Debug|Any CPU
		{005F0F87-9D13-4EE7-99FF-2C42C5AAF675}.Debug|iPhoneSimulator.Build.0 = Debug|Any CPU
		{005F0F87-9D13-4EE7-99FF-2C42C5AAF675}.Release|Any CPU.ActiveCfg = Release|Any CPU
		{005F0F87-9D13-4EE7-99FF-2C42C5AAF675}.Release|Any CPU.Build.0 = Release|Any CPU
		{005F0F87-9D13-4EE7-99FF-2C42C5AAF675}.Release|iPhone.ActiveCfg = Release|Any CPU
		{005F0F87-9D13-4EE7-99FF-2C42C5AAF675}.Release|iPhone.Build.0 = Release|Any CPU
		{005F0F87-9D13-4EE7-99FF-2C42C5AAF675}.Release|iPhoneSimulator.ActiveCfg = Release|Any CPU
		{005F0F87-9D13-4EE7-99FF-2C42C5AAF675}.Release|iPhoneSimulator.Build.0 = Release|Any CPU
	EndGlobalSection
	GlobalSection(SolutionProperties) = preSolution
		HideSolutionNode = FALSE
	EndGlobalSection
	GlobalSection(ExtensibilityGlobals) = postSolution
		SolutionGuid = {3CC0C508-B3F2-486B-81AB-61B8533B503A}
	EndGlobalSection
EndGlobal
